dependencies:
  espressif/esp_modem:
    component_hash: 06abed971065e9cb88039e011fd85ec1412c7416d3a3d84541a7a432e8d3f94d
    dependencies:
    - name: idf
      require: private
      version: '>=4.1'
    source:
      registry_url: https://components.espressif.com/
      type: service
    version: 2.1.0
  espressif/esp_websocket_client:
    component_hash: dc00233af846f3a744ada283a300e0d586040aadc3ee67361645ecdce4523672
    dependencies:
    - name: idf
      require: private
      version: '>=5.0'
    source:
      registry_url: https://components.espressif.com/
      type: service
    version: 1.8.0
  idf:
    source:
      type: idf
    version: 5.5.1
direct_dependencies:
- espressif/esp_modem
- espressif/esp_websocket_client
- idf
manifest_hash: 23b15634954e904acd702f70a48c9b70e20e5125b2794b19e45a0c8da7aaed58
target: esp32
version: 2.0.0
